PODS:
  - Megacool (4.3.2)
  - React (0.59.10):
    - React/Core (= 0.59.10)
  - react-native-megacool (0.0.1):
    - Megacool
    - React
  - React/Core (0.59.10):
    - yoga (= 0.59.10.React)
  - yoga (0.59.10.React)

DEPENDENCIES:
  - React (from `../node_modules/react-native`)
  - react-native-megacool (from `../../react-native-megacool.podspec`)
  - yoga (from `../node_modules/react-native/ReactCommon/yoga`)

SPEC REPOS:
  https://github.com/cocoapods/specs.git:
    - Megacool

EXTERNAL SOURCES:
  React:
    :path: "../node_modules/react-native"
  react-native-megacool:
    :path: "../../react-native-megacool.podspec"
  yoga:
    :path: "../node_modules/react-native/ReactCommon/yoga"

SPEC CHECKSUMS:
  Megacool: 7a5a706912813f2d713a5c1c836fbaac56e68b33
  React: 36d0768f9e93be2473b37e7fa64f92c1d5341eef
  react-native-megacool: bf3c30b1536ac0b42e81e746e2d3fe2e0dda0007
  yoga: 684513b14b03201579ba3cee20218c9d1298b0cc

PODFILE CHECKSUM: d9ba4bc06ce877843ec2a08fd1956b88535cd903

COCOAPODS: 1.7.5
